PODS:
  - Kingfisher (5.15.6):
    - Kingfisher/Core (= 5.15.6)
  - Kingfisher/Core (5.15.6)
  - lottie-ios (3.1.8)
  - RxBlocking (5.1.1):
    - RxSwift (~> 5)
  - RxCocoa (5.1.1):
    - RxRelay (~> 5)
    - RxSwift (~> 5)
  - RxRelay (5.1.1):
    - RxSwift (~> 5)
  - RxSwift (5.1.1)
  - RxTest (5.1.1):
    - RxSwift (~> 5)
  - SwiftLint (0.40.3)

DEPENDENCIES:
  - Kingfisher (~> 5.15)
  - lottie-ios
  - RxBlocking
  - RxCocoa (~> 5.1)
  - RxSwift
  - RxSwift (~> 5.1)
  - RxTest
  - SwiftLint

SPEC REPOS:
  trunk:
    - Kingfisher
    - lottie-ios
    - RxBlocking
    - RxCocoa
    - RxRelay
    - RxSwift
    - RxTest
    - SwiftLint

SPEC CHECKSUMS:
  Kingfisher: b3554e7bf6106115b44e8795300bad580ef2fdc7
  lottie-ios: 48fac6be217c76937e36e340e2d09cf7b10b7f5f
  RxBlocking: 5f700a78cad61ce253ebd37c9a39b5ccc76477b4
  RxCocoa: 32065309a38d29b5b0db858819b5bf9ef038b601
  RxRelay: d77f7d771495f43c556cbc43eebd1bb54d01e8e9
  RxSwift: 81470a2074fa8780320ea5fe4102807cb7118178
  RxTest: 711632d5644dffbeb62c936a521b5b008a1e1faa
  SwiftLint: dfd554ff0dff17288ee574814ccdd5cea85d76f7

PODFILE CHECKSUM: 4fc9735ad5f81f1ed42ca707b83284d4198d1839

COCOAPODS: 1.9.3
